PODS:
  - WDCollectionViewScalePagingLayout (0.1.1)

DEPENDENCIES:
  - WDCollectionViewScalePagingLayout (from `../`)

EXTERNAL SOURCES:
  WDCollectionViewScalePagingLayout:
    :path: "../"

SPEC CHECKSUMS:
  WDCollectionViewScalePagingLayout: c3dcd98aaf72d54ba6c3f83b3affd19c2bf19519

PODFILE CHECKSUM: deb5f1bb03270371f57274f6bfbd1f2a7aaf5f52

COCOAPODS: 1.12.0
